// !$*UTF8*$!
{
	archiveVersion = 1;
	classes = {
	};
	objectVersion = 56;
	objects = {

/* Begin PBXBuildFile section */
		17AD8B822C4C749B007A16F4 /* BottomBar.swift in Sources */ = {isa = PBXBuildFile; fileRef = 17AD8B812C4C749B007A16F4 /* BottomBar.swift */; };
		17AD8B842C4C74D3007A16F4 /* HomeView.swift in Sources */ = {isa = PBXBuildFile; fileRef = 17AD8B832C4C74D2007A16F4 /* HomeView.swift */; };
		17AD8B862C4C7517007A16F4 /* ProfileView.swift in Sources */ = {isa = PBXBuildFile; fileRef = 17AD8B852C4C7517007A16F4 /* ProfileView.swift */; };
		17AD8B882C4C7560007A16F4 /* MainViewModel.swift in Sources */ = {isa = PBXBuildFile; fileRef = 17AD8B872C4C7560007A16F4 /* MainViewModel.swift */; };
		17C491922C49994800DA29D4 /* RecipeBrowserApp.swift in Sources */ = {isa = PBXBuildFile; fileRef = 17C491912C49994800DA29D4 /* RecipeBrowserApp.swift */; };
		17C491942C49994800DA29D4 /* ContentView.swift in Sources */ = {isa = PBXBuildFile; fileRef = 17C491932C49994800DA29D4 /* ContentView.swift */; };
		17C491962C49994A00DA29D4 /* Assets.xcassets in Resources */ = {isa = PBXBuildFile; fileRef = 17C491952C49994A00DA29D4 /* Assets.xcassets */; };
		17C4919A2C49994A00DA29D4 /* Preview Assets.xcassets in Resources */ = {isa = PBXBuildFile; fileRef = 17C491992C49994A00DA29D4 /* Preview Assets.xcassets */; };
		17C491A42C49994A00DA29D4 /* RecipeBrowserTests.swift in Sources */ = {isa = PBXBuildFile; fileRef = 17C491A32C49994A00DA29D4 /* RecipeBrowserTests.swift */; };
		17C491AE2C49994A00DA29D4 /* RecipeBrowserUITests.swift in Sources */ = {isa = PBXBuildFile; fileRef = 17C491AD2C49994A00DA29D4 /* RecipeBrowserUITests.swift */; };
		17C491B02C49994A00DA29D4 /* RecipeBrowserUITestsLaunchTests.swift in Sources */ = {isa = PBXBuildFile; fileRef = 17C491AF2C49994A00DA29D4 /* RecipeBrowserUITestsLaunchTests.swift */; };
		17C491BF2C499A6C00DA29D4 /* NetworkManager.swift in Sources */ = {isa = PBXBuildFile; fileRef = 17C491BE2C499A6B00DA29D4 /* NetworkManager.swift */; };
		17C491C32C499BC100DA29D4 /* MealDetailViewModel.swift in Sources */ = {isa = PBXBuildFile; fileRef = 17C491C22C499BC100DA29D4 /* MealDetailViewModel.swift */; };
		17C491C52C499BD700DA29D4 /* MealListViewModel.swift in Sources */ = {isa = PBXBuildFile; fileRef = 17C491C42C499BD700DA29D4 /* MealListViewModel.swift */; };
		17C491C72C499BEA00DA29D4 /* MealDetailView.swift in Sources */ = {isa = PBXBuildFile; fileRef = 17C491C62C499BEA00DA29D4 /* MealDetailView.swift */; };
		17C491C92C4A0B4000DA29D4 /* Launch Screen.storyboard in Resources */ = {isa = PBXBuildFile; fileRef = 17C491C82C4A0B4000DA29D4 /* Launch Screen.storyboard */; };
		17C491CC2C4A0F4500DA29D4 /* AsyncImageView.swift in Sources */ = {isa = PBXBuildFile; fileRef = 17C491CB2C4A0F4500DA29D4 /* AsyncImageView.swift */; };
		17C491CE2C4A0F8800DA29D4 /* Meal.swift in Sources */ = {isa = PBXBuildFile; fileRef = 17C491CD2C4A0F8800DA29D4 /* Meal.swift */; };
		17C491D02C4A0F9500DA29D4 /* MealDetail.swift in Sources */ = {isa = PBXBuildFile; fileRef = 17C491CF2C4A0F9500DA29D4 /* MealDetail.swift */; };
		17C491D32C4A101D00DA29D4 /* ColorExtensions.swift in Sources */ = {isa = PBXBuildFile; fileRef = 17C491D22C4A101D00DA29D4 /* ColorExtensions.swift */; };
		17C491D52C4AD44300DA29D4 /* CardView.swift in Sources */ = {isa = PBXBuildFile; fileRef = 17C491D42C4AD44300DA29D4 /* CardView.swift */; };
/* End PBXBuildFile section */

/* Begin PBXContainerItemProxy section */
		17C491A02C49994A00DA29D4 /* PBXContainerItemProxy */ = {
			isa = PBXContainerItemProxy;
			containerPortal = 17C491862C49994800DA29D4 /* Project object */;
			proxyType = 1;
			remoteGlobalIDString = 17C4918D2C49994800DA29D4;
			remoteInfo = RecipeBrowser;
		};
		17C491AA2C49994A00DA29D4 /* PBXContainerItemProxy */ = {
			isa = PBXContainerItemProxy;
			containerPortal = 17C491862C49994800DA29D4 /* Project object */;
			proxyType = 1;
			remoteGlobalIDString = 17C4918D2C49994800DA29D4;
			remoteInfo = RecipeBrowser;
		};
/* End PBXContainerItemProxy section */

/* Begin PBXFileReference section */
		17AD8B812C4C749B007A16F4 /* BottomBar.swift */ = {isa = PBXFileReference; lastKnownFileType = sourcecode.swift; path = BottomBar.swift; sourceTree = "<group>"; };
		17AD8B832C4C74D2007A16F4 /* HomeView.swift */ = {isa = PBXFileReference; lastKnownFileType = sourcecode.swift; path = HomeView.swift; sourceTree = "<group>"; };
		17AD8B852C4C7517007A16F4 /* ProfileView.swift */ = {isa = PBXFileReference; lastKnownFileType = sourcecode.swift; path = ProfileView.swift; sourceTree = "<group>"; };
		17AD8B872C4C7560007A16F4 /* MainViewModel.swift */ = {isa = PBXFileReference; lastKnownFileType = sourcecode.swift; path = MainViewModel.swift; sourceTree = "<group>"; };
		17C4918E2C49994800DA29D4 /* RecipeBrowser.app */ = {isa = PBXFileReference; explicitFileType = wrapper.application; includeInIndex = 0; path = RecipeBrowser.app; sourceTree = BUILT_PRODUCTS_DIR; };
		17C491912C49994800DA29D4 /* RecipeBrowserApp.swift */ = {isa = PBXFileReference; lastKnownFileType = sourcecode.swift; path = RecipeBrowserApp.swift; sourceTree = "<group>"; };
		17C491932C49994800DA29D4 /* ContentView.swift */ = {isa = PBXFileReference; lastKnownFileType = sourcecode.swift; path = ContentView.swift; sourceTree = "<group>"; };
		17C491952C49994A00DA29D4 /* Assets.xcassets */ = {isa = PBXFileReference; lastKnownFileType = folder.assetcatalog; path = Assets.xcassets; sourceTree = "<group>"; };
		17C491972C49994A00DA29D4 /* RecipeBrowser.entitlements */ = {isa = PBXFileReference; lastKnownFileType = text.plist.entitlements; path = RecipeBrowser.entitlements; sourceTree = "<group>"; };
		17C491992C49994A00DA29D4 /* Preview Assets.xcassets */ = {isa = PBXFileReference; lastKnownFileType = folder.assetcatalog; path = "Preview Assets.xcassets"; sourceTree = "<group>"; };
		17C4919F2C49994A00DA29D4 /* RecipeBrowserTests.xctest */ = {isa = PBXFileReference; explicitFileType = wrapper.cfbundle; includeInIndex = 0; path = RecipeBrowserTests.xctest; sourceTree = BUILT_PRODUCTS_DIR; };
		17C491A32C49994A00DA29D4 /* RecipeBrowserTests.swift */ = {isa = PBXFileReference; lastKnownFileType = sourcecode.swift; path = RecipeBrowserTests.swift; sourceTree = "<group>"; };
		17C491A92C49994A00DA29D4 /* RecipeBrowserUITests.xctest */ = {isa = PBXFileReference; explicitFileType = wrapper.cfbundle; includeInIndex = 0; path = RecipeBrowserUITests.xctest; sourceTree = BUILT_PRODUCTS_DIR; };
		17C491AD2C49994A00DA29D4 /* RecipeBrowserUITests.swift */ = {isa = PBXFileReference; lastKnownFileType = sourcecode.swift; path = RecipeBrowserUITests.swift; sourceTree = "<group>"; };
		17C491AF2C49994A00DA29D4 /* RecipeBrowserUITestsLaunchTests.swift */ = {isa = PBXFileReference; lastKnownFileType = sourcecode.swift; path = RecipeBrowserUITestsLaunchTests.swift; sourceTree = "<group>"; };
		17C491BE2C499A6B00DA29D4 /* NetworkManager.swift */ = {isa = PBXFileReference; lastKnownFileType = sourcecode.swift; path = NetworkManager.swift; sourceTree = "<group>"; };
		17C491C22C499BC100DA29D4 /* MealDetailViewModel.swift */ = {isa = PBXFileReference; lastKnownFileType = sourcecode.swift; path = MealDetailViewModel.swift; sourceTree = "<group>"; };
		17C491C42C499BD700DA29D4 /* MealListViewModel.swift */ = {isa = PBXFileReference; lastKnownFileType = sourcecode.swift; path = MealListViewModel.swift; sourceTree = "<group>"; };
		17C491C62C499BEA00DA29D4 /* MealDetailView.swift */ = {isa = PBXFileReference; lastKnownFileType = sourcecode.swift; path = MealDetailView.swift; sourceTree = "<group>"; };
		17C491C82C4A0B4000DA29D4 /* Launch Screen.storyboard */ = {isa = PBXFileReference; lastKnownFileType = file.storyboard; path = "Launch Screen.storyboard"; sourceTree = "<group>"; };
		17C491CB2C4A0F4500DA29D4 /* AsyncImageView.swift */ = {isa = PBXFileReference; lastKnownFileType = sourcecode.swift; path = AsyncImageView.swift; sourceTree = "<group>"; };
		17C491CD2C4A0F8800DA29D4 /* Meal.swift */ = {isa = PBXFileReference; lastKnownFileType = sourcecode.swift; path = Meal.swift; sourceTree = "<group>"; };
		17C491CF2C4A0F9500DA29D4 /* MealDetail.swift */ = {isa = PBXFileReference; lastKnownFileType = sourcecode.swift; path = MealDetail.swift; sourceTree = "<group>"; };
		17C491D22C4A101D00DA29D4 /* ColorExtensions.swift */ = {isa = PBXFileReference; lastKnownFileType = sourcecode.swift; path = ColorExtensions.swift; sourceTree = "<group>"; };
		17C491D42C4AD44300DA29D4 /* CardView.swift */ = {isa = PBXFileReference; lastKnownFileType = sourcecode.swift; path = CardView.swift; sourceTree = "<group>"; };
/* End PBXFileReference section */

/* Begin PBXFrameworksBuildPhase section */
		17C4918B2C49994800DA29D4 /* Frameworks */ = {
			isa = PBXFrameworksBuildPhase;
			buildActionMask = 2147483647;
			files = (
			);
			runOnlyForDeploymentPostprocessing = 0;
		};
		17C4919C2C49994A00DA29D4 /* Frameworks */ = {
			isa = PBXFrameworksBuildPhase;
			buildActionMask = 2147483647;
			files = (
			);
			runOnlyForDeploymentPostprocessing = 0;
		};
		17C491A62C49994A00DA29D4 /* Frameworks */ = {
			isa = PBXFrameworksBuildPhase;
			buildActionMask = 2147483647;
			files = (
			);
			runOnlyForDeploymentPostprocessing = 0;
		};
/* End PBXFrameworksBuildPhase section */

/* Begin PBXGroup section */
		17C491852C49994800DA29D4 = {
			isa = PBXGroup;
			children = (
				17C491C82C4A0B4000DA29D4 /* Launch Screen.storyboard */,
				17C491902C49994800DA29D4 /* RecipeBrowser */,
				17C491A22C49994A00DA29D4 /* RecipeBrowserTests */,
				17C491AC2C49994A00DA29D4 /* RecipeBrowserUITests */,
				17C4918F2C49994800DA29D4 /* Products */,
			);
			sourceTree = "<group>";
		};
		17C4918F2C49994800DA29D4 /* Products */ = {
			isa = PBXGroup;
			children = (
				17C4918E2C49994800DA29D4 /* RecipeBrowser.app */,
				17C4919F2C49994A00DA29D4 /* RecipeBrowserTests.xctest */,
				17C491A92C49994A00DA29D4 /* RecipeBrowserUITests.xctest */,
			);
			name = Products;
			sourceTree = "<group>";
		};
		17C491902C49994800DA29D4 /* RecipeBrowser */ = {
			isa = PBXGroup;
			children = (
				17C491912C49994800DA29D4 /* RecipeBrowserApp.swift */,
				17C491CA2C4A0EDD00DA29D4 /* Models */,
				17C491C12C499B8E00DA29D4 /* ViewModels */,
				17C491C02C499B6D00DA29D4 /* Views */,
				17C491D12C4A100200DA29D4 /* Utilities */,
				17C491952C49994A00DA29D4 /* Assets.xcassets */,
				17C491972C49994A00DA29D4 /* RecipeBrowser.entitlements */,
				17C491982C49994A00DA29D4 /* Preview Content */,
			);
			path = RecipeBrowser;
			sourceTree = "<group>";
		};
		17C491982C49994A00DA29D4 /* Preview Content */ = {
			isa = PBXGroup;
			children = (
				17C491992C49994A00DA29D4 /* Preview Assets.xcassets */,
			);
			path = "Preview Content";
			sourceTree = "<group>";
		};
		17C491A22C49994A00DA29D4 /* RecipeBrowserTests */ = {
			isa = PBXGroup;
			children = (
				17C491A32C49994A00DA29D4 /* RecipeBrowserTests.swift */,
			);
			path = RecipeBrowserTests;
			sourceTree = "<group>";
		};
		17C491AC2C49994A00DA29D4 /* RecipeBrowserUITests */ = {
			isa = PBXGroup;
			children = (
				17C491AD2C49994A00DA29D4 /* RecipeBrowserUITests.swift */,
				17C491AF2C49994A00DA29D4 /* RecipeBrowserUITestsLaunchTests.swift */,
			);
			path = RecipeBrowserUITests;
			sourceTree = "<group>";
		};
		17C491C02C499B6D00DA29D4 /* Views */ = {
			isa = PBXGroup;
			children = (
				17C491932C49994800DA29D4 /* ContentView.swift */,
				17AD8B832C4C74D2007A16F4 /* HomeView.swift */,
				17C491C62C499BEA00DA29D4 /* MealDetailView.swift */,
				17C491CB2C4A0F4500DA29D4 /* AsyncImageView.swift */,
				17C491D42C4AD44300DA29D4 /* CardView.swift */,
				17AD8B812C4C749B007A16F4 /* BottomBar.swift */,
				17AD8B852C4C7517007A16F4 /* ProfileView.swift */,
			);
			path = Views;
			sourceTree = "<group>";
		};
		17C491C12C499B8E00DA29D4 /* ViewModels */ = {
			isa = PBXGroup;
			children = (
				17C491C22C499BC100DA29D4 /* MealDetailViewModel.swift */,
				17C491C42C499BD700DA29D4 /* MealListViewModel.swift */,
				17AD8B872C4C7560007A16F4 /* MainViewModel.swift */,
			);
			path = ViewModels;
			sourceTree = "<group>";
		};
		17C491CA2C4A0EDD00DA29D4 /* Models */ = {
			isa = PBXGroup;
			children = (
				17C491BE2C499A6B00DA29D4 /* NetworkManager.swift */,
				17C491CD2C4A0F8800DA29D4 /* Meal.swift */,
				17C491CF2C4A0F9500DA29D4 /* MealDetail.swift */,
			);
			path = Models;
			sourceTree = "<group>";
		};
		17C491D12C4A100200DA29D4 /* Utilities */ = {
			isa = PBXGroup;
			children = (
				17C491D22C4A101D00DA29D4 /* ColorExtensions.swift */,
			);
			path = Utilities;
			sourceTree = "<group>";
		};
/* End PBXGroup section */

/* Begin PBXNativeTarget section */
		17C4918D2C49994800DA29D4 /* RecipeBrowser */ = {
			isa = PBXNativeTarget;
			buildConfigurationList = 17C491B32C49994A00DA29D4 /* Build configuration list for PBXNativeTarget "RecipeBrowser" */;
			buildPhases = (
				17C4918A2C49994800DA29D4 /* Sources */,
				17C4918B2C49994800DA29D4 /* Frameworks */,
				17C4918C2C49994800DA29D4 /* Resources */,
			);
			buildRules = (
			);
			dependencies = (
			);
			name = RecipeBrowser;
			productName = RecipeBrowser;
			productReference = 17C4918E2C49994800DA29D4 /* RecipeBrowser.app */;
			productType = "com.apple.product-type.application";
		};
		17C4919E2C49994A00DA29D4 /* RecipeBrowserTests */ = {
			isa = PBXNativeTarget;
			buildConfigurationList = 17C491B62C49994A00DA29D4 /* Build configuration list for PBXNativeTarget "RecipeBrowserTests" */;
			buildPhases = (
				17C4919B2C49994A00DA29D4 /* Sources */,
				17C4919C2C49994A00DA29D4 /* Frameworks */,
				17C4919D2C49994A00DA29D4 /* Resources */,
			);
			buildRules = (
			);
			dependencies = (
				17C491A12C49994A00DA29D4 /* PBXTargetDependency */,
			);
			name = RecipeBrowserTests;
			productName = RecipeBrowserTests;
			productReference = 17C4919F2C49994A00DA29D4 /* RecipeBrowserTests.xctest */;
			productType = "com.apple.product-type.bundle.unit-test";
		};
		17C491A82C49994A00DA29D4 /* RecipeBrowserUITests */ = {
			isa = PBXNativeTarget;
			buildConfigurationList = 17C491B92C49994A00DA29D4 /* Build configuration list for PBXNativeTarget "RecipeBrowserUITests" */;
			buildPhases = (
				17C491A52C49994A00DA29D4 /* Sources */,
				17C491A62C49994A00DA29D4 /* Frameworks */,
				17C491A72C49994A00DA29D4 /* Resources */,
			);
			buildRules = (
			);
			dependencies = (
				17C491AB2C49994A00DA29D4 /* PBXTargetDependency */,
			);
			name = RecipeBrowserUITests;
			productName = RecipeBrowserUITests;
			productReference = 17C491A92C49994A00DA29D4 /* RecipeBrowserUITests.xctest */;
			productType = "com.apple.product-type.bundle.ui-testing";
		};
/* End PBXNativeTarget section */

/* Begin PBXProject section */
		17C491862C49994800DA29D4 /* Project object */ = {
			isa = PBXProject;
			attributes = {
				BuildIndependentTargetsInParallel = 1;
				LastSwiftUpdateCheck = 1540;
				LastUpgradeCheck = 1540;
				TargetAttributes = {
					17C4918D2C49994800DA29D4 = {
						CreatedOnToolsVersion = 15.4;
					};
					17C4919E2C49994A00DA29D4 = {
						CreatedOnToolsVersion = 15.4;
						TestTargetID = 17C4918D2C49994800DA29D4;
					};
					17C491A82C49994A00DA29D4 = {
						CreatedOnToolsVersion = 15.4;
						TestTargetID = 17C4918D2C49994800DA29D4;
					};
				};
			};
			buildConfigurationList = 17C491892C49994800DA29D4 /* Build configuration list for PBXProject "RecipeBrowser" */;
			compatibilityVersion = "Xcode 14.0";
			developmentRegion = en;
			hasScannedForEncodings = 0;
			knownRegions = (
				en,
				Base,
			);
			mainGroup = 17C491852C49994800DA29D4;
			productRefGroup = 17C4918F2C49994800DA29D4 /* Products */;
			projectDirPath = "";
			projectRoot = "";
			targets = (
				17C4918D2C49994800DA29D4 /* RecipeBrowser */,
				17C4919E2C49994A00DA29D4 /* RecipeBrowserTests */,
				17C491A82C49994A00DA29D4 /* RecipeBrowserUITests */,
			);
		};
/* End PBXProject section */

/* Begin PBXResourcesBuildPhase section */
		17C4918C2C49994800DA29D4 /* Resources */ = {
			isa = PBXResourcesBuildPhase;
			buildActionMask = 2147483647;
			files = (
				17C491C92C4A0B4000DA29D4 /* Launch Screen.storyboard in Resources */,
				17C4919A2C49994A00DA29D4 /* Preview Assets.xcassets in Resources */,
				17C491962C49994A00DA29D4 /* Assets.xcassets in Resources */,
			);
			runOnlyForDeploymentPostprocessing = 0;
		};
		17C4919D2C49994A00DA29D4 /* Resources */ = {
			isa = PBXResourcesBuildPhase;
			buildActionMask = 2147483647;
			files = (
			);
			runOnlyForDeploymentPostprocessing = 0;
		};
		17C491A72C49994A00DA29D4 /* Resources */ = {
			isa = PBXResourcesBuildPhase;
			buildActionMask = 2147483647;
			files = (
			);
			runOnlyForDeploymentPostprocessing = 0;
		};
/* End PBXResourcesBuildPhase section */

/* Begin PBXSourcesBuildPhase section */
		17C4918A2C49994800DA29D4 /* Sources */ = {
			isa = PBXSourcesBuildPhase;
			buildActionMask = 2147483647;
			files = (
				17C491D32C4A101D00DA29D4 /* ColorExtensions.swift in Sources */,
				17C491BF2C499A6C00DA29D4 /* NetworkManager.swift in Sources */,
				17AD8B842C4C74D3007A16F4 /* HomeView.swift in Sources */,
				17C491942C49994800DA29D4 /* ContentView.swift in Sources */,
				17C491CC2C4A0F4500DA29D4 /* AsyncImageView.swift in Sources */,
				17AD8B882C4C7560007A16F4 /* MainViewModel.swift in Sources */,
				17C491CE2C4A0F8800DA29D4 /* Meal.swift in Sources */,
				17C491C32C499BC100DA29D4 /* MealDetailViewModel.swift in Sources */,
				17C491C72C499BEA00DA29D4 /* MealDetailView.swift in Sources */,
				17C491D02C4A0F9500DA29D4 /* MealDetail.swift in Sources */,
				17AD8B822C4C749B007A16F4 /* BottomBar.swift in Sources */,
				17C491922C49994800DA29D4 /* RecipeBrowserApp.swift in Sources */,
				17C491D52C4AD44300DA29D4 /* CardView.swift in Sources */,
				17AD8B862C4C7517007A16F4 /* ProfileView.swift in Sources */,
				17C491C52C499BD700DA29D4 /* MealListViewModel.swift in Sources */,
			);
			runOnlyForDeploymentPostprocessing = 0;
		};
		17C4919B2C49994A00DA29D4 /* Sources */ = {
			isa = PBXSourcesBuildPhase;
			buildActionMask = 2147483647;
			files = (
				17C491A42C49994A00DA29D4 /* RecipeBrowserTests.swift in Sources */,
			);
			runOnlyForDeploymentPostprocessing = 0;
		};
		17C491A52C49994A00DA29D4 /* Sources */ = {
			isa = PBXSourcesBuildPhase;
			buildActionMask = 2147483647;
			files = (
				17C491AE2C49994A00DA29D4 /* RecipeBrowserUITests.swift in Sources */,
				17C491B02C49994A00DA29D4 /* RecipeBrowserUITestsLaunchTests.swift in Sources */,
			);
			runOnlyForDeploymentPostprocessing = 0;
		};
/* End PBXSourcesBuildPhase section */

/* Begin PBXTargetDependency section */
		17C491A12C49994A00DA29D4 /* PBXTargetDependency */ = {
			isa = PBXTargetDependency;
			target = 17C4918D2C49994800DA29D4 /* RecipeBrowser */;
			targetProxy = 17C491A02C49994A00DA29D4 /* PBXContainerItemProxy */;
		};
		17C491AB2C49994A00DA29D4 /* PBXTargetDependency */ = {
			isa = PBXTargetDependency;
			target = 17C4918D2C49994800DA29D4 /* RecipeBrowser */;
			targetProxy = 17C491AA2C49994A00DA29D4 /* PBXContainerItemProxy */;
		};
/* End PBXTargetDependency section */

/* Begin XCBuildConfiguration section */
		17C491B12C49994A00DA29D4 /* Debug */ = {
			isa = XCBuildConfiguration;
			buildSettings = {
				ALWAYS_SEARCH_USER_PATHS = NO;
				ASSETCATALOG_COMPILER_GENERATE_SWIFT_ASSET_SYMBOL_EXTENSIONS = YES;
				CLANG_ANALYZER_NONNULL = YES;
				CLANG_ANALYZER_NUMBER_OBJECT_CONVERSION = YES_AGGRESSIVE;
				CLANG_CXX_LANGUAGE_STANDARD = "gnu++20";
				CLANG_ENABLE_MODULES = YES;
				CLANG_ENABLE_OBJC_ARC = YES;
				CLANG_ENABLE_OBJC_WEAK = YES;
				CLANG_WARN_BLOCK_CAPTURE_AUTORELEASING = YES;
				CLANG_WARN_BOOL_CONVERSION = YES;
				CLANG_WARN_COMMA = YES;
				CLANG_WARN_CONSTANT_CONVERSION = YES;
				CLANG_WARN_DEPRECATED_OBJC_IMPLEMENTATIONS = YES;
				CLANG_WARN_DIRECT_OBJC_ISA_USAGE = YES_ERROR;
				CLANG_WARN_DOCUMENTATION_COMMENTS = YES;
				CLANG_WARN_EMPTY_BODY = YES;
				CLANG_WARN_ENUM_CONVERSION = YES;
				CLANG_WARN_INFINITE_RECURSION = YES;
				CLANG_WARN_INT_CONVERSION = YES;
				CLANG_WARN_NON_LITERAL_NULL_CONVERSION = YES;
				CLANG_WARN_OBJC_IMPLICIT_RETAIN_SELF = YES;
				CLANG_WARN_OBJC_LITERAL_CONVERSION = YES;
				CLANG_WARN_OBJC_ROOT_CLASS = YES_ERROR;
				CLANG_WARN_QUOTED_INCLUDE_IN_FRAMEWORK_HEADER = YES;
				CLANG_WARN_RANGE_LOOP_ANALYSIS = YES;
				CLANG_WARN_STRICT_PROTOTYPES = YES;
				CLANG_WARN_SUSPICIOUS_MOVE = YES;
				CLANG_WARN_UNGUARDED_AVAILABILITY = YES_AGGRESSIVE;
				CLANG_WARN_UNREACHABLE_CODE = YES;
				CLANG_WARN__DUPLICATE_METHOD_MATCH = YES;
				COPY_PHASE_STRIP = NO;
				DEBUG_INFORMATION_FORMAT = dwarf;
				ENABLE_STRICT_OBJC_MSGSEND = YES;
				ENABLE_TESTABILITY = YES;
				ENABLE_USER_SCRIPT_SANDBOXING = YES;
				GCC_C_LANGUAGE_STANDARD = gnu17;
				GCC_DYNAMIC_NO_PIC = NO;
				GCC_NO_COMMON_BLOCKS = YES;
				GCC_OPTIMIZATION_LEVEL = 0;
				GCC_PREPROCESSOR_DEFINITIONS = (
					"DEBUG=1",
					"$(inherited)",
				);
				GCC_WARN_64_TO_32_BIT_CONVERSION = YES;
				GCC_WARN_ABOUT_RETURN_TYPE = YES_ERROR;
				GCC_WARN_UNDECLARED_SELECTOR = YES;
				GCC_WARN_UNINITIALIZED_AUTOS = YES_AGGRESSIVE;
				GCC_WARN_UNUSED_FUNCTION = YES;
				GCC_WARN_UNUSED_VARIABLE = YES;
				LOCALIZATION_PREFERS_STRING_CATALOGS = YES;
				MTL_ENABLE_DEBUG_INFO = INCLUDE_SOURCE;
				MTL_FAST_MATH = YES;
				ONLY_ACTIVE_ARCH = YES;
				SWIFT_ACTIVE_COMPILATION_CONDITIONS = "DEBUG $(inherited)";
				SWIFT_OPTIMIZATION_LEVEL = "-Onone";
			};
			name = Debug;
		};
		17C491B22C49994A00DA29D4 /* Release */ = {
			isa = XCBuildConfiguration;
			buildSettings = {
				ALWAYS_SEARCH_USER_PATHS = NO;
				ASSETCATALOG_COMPILER_GENERATE_SWIFT_ASSET_SYMBOL_EXTENSIONS = YES;
				CLANG_ANALYZER_NONNULL = YES;
				CLANG_ANALYZER_NUMBER_OBJECT_CONVERSION = YES_AGGRESSIVE;
				CLANG_CXX_LANGUAGE_STANDARD = "gnu++20";
				CLANG_ENABLE_MODULES = YES;
				CLANG_ENABLE_OBJC_ARC = YES;
				CLANG_ENABLE_OBJC_WEAK = YES;
				CLANG_WARN_BLOCK_CAPTURE_AUTORELEASING = YES;
				CLANG_WARN_BOOL_CONVERSION = YES;
				CLANG_WARN_COMMA = YES;
				CLANG_WARN_CONSTANT_CONVERSION = YES;
				CLANG_WARN_DEPRECATED_OBJC_IMPLEMENTATIONS = YES;
				CLANG_WARN_DIRECT_OBJC_ISA_USAGE = YES_ERROR;
				CLANG_WARN_DOCUMENTATION_COMMENTS = YES;
				CLANG_WARN_EMPTY_BODY = YES;
				CLANG_WARN_ENUM_CONVERSION = YES;
				CLANG_WARN_INFINITE_RECURSION = YES;
				CLANG_WARN_INT_CONVERSION = YES;
				CLANG_WARN_NON_LITERAL_NULL_CONVERSION = YES;
				CLANG_WARN_OBJC_IMPLICIT_RETAIN_SELF = YES;
				CLANG_WARN_OBJC_LITERAL_CONVERSION = YES;
				CLANG_WARN_OBJC_ROOT_CLASS = YES_ERROR;
				CLANG_WARN_QUOTED_INCLUDE_IN_FRAMEWORK_HEADER = YES;
				CLANG_WARN_RANGE_LOOP_ANALYSIS = YES;
				CLANG_WARN_STRICT_PROTOTYPES = YES;
				CLANG_WARN_SUSPICIOUS_MOVE = YES;
				CLANG_WARN_UNGUARDED_AVAILABILITY = YES_AGGRESSIVE;
				CLANG_WARN_UNREACHABLE_CODE = YES;
				CLANG_WARN__DUPLICATE_METHOD_MATCH = YES;
				COPY_PHASE_STRIP = NO;
				DEBUG_INFORMATION_FORMAT = "dwarf-with-dsym";
				ENABLE_NS_ASSERTIONS = NO;
				ENABLE_STRICT_OBJC_MSGSEND = YES;
				ENABLE_USER_SCRIPT_SANDBOXING = YES;
				GCC_C_LANGUAGE_STANDARD = gnu17;
				GCC_NO_COMMON_BLOCKS = YES;
				GCC_WARN_64_TO_32_BIT_CONVERSION = YES;
				GCC_WARN_ABOUT_RETURN_TYPE = YES_ERROR;
				GCC_WARN_UNDECLARED_SELECTOR = YES;
				GCC_WARN_UNINITIALIZED_AUTOS = YES_AGGRESSIVE;
				GCC_WARN_UNUSED_FUNCTION = YES;
				GCC_WARN_UNUSED_VARIABLE = YES;
				LOCALIZATION_PREFERS_STRING_CATALOGS = YES;
				MTL_ENABLE_DEBUG_INFO = NO;
				MTL_FAST_MATH = YES;
				SWIFT_COMPILATION_MODE = wholemodule;
			};
			name = Release;
		};
		17C491B42C49994A00DA29D4 /* Debug */ = {
			isa = XCBuildConfiguration;
			buildSettings = {
				ASSETCATALOG_COMPILER_APPICON_NAME = AppIcon;
				ASSETCATALOG_COMPILER_GLOBAL_ACCENT_COLOR_NAME = AccentColor;
				CODE_SIGN_ENTITLEMENTS = RecipeBrowser/RecipeBrowser.entitlements;
				CODE_SIGN_STYLE = Automatic;
				CURRENT_PROJECT_VERSION = 1;
				DEVELOPMENT_ASSET_PATHS = "\"RecipeBrowser/Preview Content\"";
				DEVELOPMENT_TEAM = 2GB779FU44;
				ENABLE_HARDENED_RUNTIME = YES;
				ENABLE_PREVIEWS = YES;
				GENERATE_INFOPLIST_FILE = YES;
				"INFOPLIST_KEY_UIApplicationSceneManifest_Generation[sdk=iphoneos*]" = YES;
				"INFOPLIST_KEY_UIApplicationSceneManifest_Generation[sdk=iphonesimulator*]" = YES;
				"INFOPLIST_KEY_UIApplicationSupportsIndirectInputEvents[sdk=iphoneos*]" = YES;
				"INFOPLIST_KEY_UIApplicationSupportsIndirectInputEvents[sdk=iphonesimulator*]" = YES;
				"INFOPLIST_KEY_UILaunchScreen_Generation[sdk=iphoneos*]" = YES;
				"INFOPLIST_KEY_UILaunchScreen_Generation[sdk=iphonesimulator*]" = YES;
				INFOPLIST_KEY_UILaunchStoryboardName = "Launch Screen.storyboard";
				"INFOPLIST_KEY_UIStatusBarStyle[sdk=iphoneos*]" = UIStatusBarStyleDefault;
				"INFOPLIST_KEY_UIStatusBarStyle[sdk=iphonesimulator*]" = UIStatusBarStyleDefault;
				INFOPLIST_KEY_UISupportedInterfaceOrientations_iPad = "UIInterfaceOrientationPortrait UIInterfaceOrientationPortraitUpsideDown UIInterfaceOrientationLandscapeLeft UIInterfaceOrientationLandscapeRight";
				INFOPLIST_KEY_UISupportedInterfaceOrientations_iPhone = "UIInterfaceOrientationPortrait UIInterfaceOrientationLandscapeLeft UIInterfaceOrientationLandscapeRight";
				IPHONEOS_DEPLOYMENT_TARGET = 17.5;
				LD_RUNPATH_SEARCH_PATHS = "@executable_path/Frameworks";
				"LD_RUNPATH_SEARCH_PATHS[sdk=macosx*]" = "@executable_path/../Frameworks";
				MACOSX_DEPLOYMENT_TARGET = 14.5;
				MARKETING_VERSION = 1.0;
				PRODUCT_BUNDLE_IDENTIFIER = com.RB.RecipeBrowser;
				PRODUCT_NAME = "$(TARGET_NAME)";
				SDKROOT = auto;
				SUPPORTED_PLATFORMS = "iphoneos iphonesimulator macosx";
				SWIFT_EMIT_LOC_STRINGS = YES;
				SWIFT_VERSION = 5.0;
				TARGETED_DEVICE_FAMILY = "1,2";
			};
			name = Debug;
		};
		17C491B52C49994A00DA29D4 /* Release */ = {
			isa = XCBuildConfiguration;
			buildSettings = {
				ASSETCATALOG_COMPILER_APPICON_NAME = AppIcon;
				ASSETCATALOG_COMPILER_GLOBAL_ACCENT_COLOR_NAME = AccentColor;
				CODE_SIGN_ENTITLEMENTS = RecipeBrowser/RecipeBrowser.entitlements;
				CODE_SIGN_STYLE = Automatic;
				CURRENT_PROJECT_VERSION = 1;
				DEVELOPMENT_ASSET_PATHS = "\"RecipeBrowser/Preview Content\"";
				DEVELOPMENT_TEAM = 2GB779FU44;
				ENABLE_HARDENED_RUNTIME = YES;
				ENABLE_PREVIEWS = YES;
				GENERATE_INFOPLIST_FILE = YES;
				"INFOPLIST_KEY_UIApplicationSceneManifest_Generation[sdk=iphoneos*]" = YES;
				"INFOPLIST_KEY_UIApplicationSceneManifest_Generation[sdk=iphonesimulator*]" = YES;
				"INFOPLIST_KEY_UIApplicationSupportsIndirectInputEvents[sdk=iphoneos*]" = YES;
				"INFOPLIST_KEY_UIApplicationSupportsIndirectInputEvents[sdk=iphonesimulator*]" = YES;
				"INFOPLIST_KEY_UILaunchScreen_Generation[sdk=iphoneos*]" = YES;
				"INFOPLIST_KEY_UILaunchScreen_Generation[sdk=iphonesimulator*]" = YES;
				INFOPLIST_KEY_UILaunchStoryboardName = "Launch Screen.storyboard";
				"INFOPLIST_KEY_UIStatusBarStyle[sdk=iphoneos*]" = UIStatusBarStyleDefault;
				"INFOPLIST_KEY_UIStatusBarStyle[sdk=iphonesimulator*]" = UIStatusBarStyleDefault;
				INFOPLIST_KEY_UISupportedInterfaceOrientations_iPad = "UIInterfaceOrientationPortrait UIInterfaceOrientationPortraitUpsideDown UIInterfaceOrientationLandscapeLeft UIInterfaceOrientationLandscapeRight";
				INFOPLIST_KEY_UISupportedInterfaceOrientations_iPhone = "UIInterfaceOrientationPortrait UIInterfaceOrientationLandscapeLeft UIInterfaceOrientationLandscapeRight";
				IPHONEOS_DEPLOYMENT_TARGET = 17.5;
				LD_RUNPATH_SEARCH_PATHS = "@executable_path/Frameworks";
				"LD_RUNPATH_SEARCH_PATHS[sdk=macosx*]" = "@executable_path/../Frameworks";
				MACOSX_DEPLOYMENT_TARGET = 14.5;
				MARKETING_VERSION = 1.0;
				PRODUCT_BUNDLE_IDENTIFIER = com.RB.RecipeBrowser;
				PRODUCT_NAME = "$(TARGET_NAME)";
				SDKROOT = auto;
				SUPPORTED_PLATFORMS = "iphoneos iphonesimulator macosx";
				SWIFT_EMIT_LOC_STRINGS = YES;
				SWIFT_VERSION = 5.0;
				TARGETED_DEVICE_FAMILY = "1,2";
			};
			name = Release;
		};
		17C491B72C49994A00DA29D4 /* Debug */ = {
			isa = XCBuildConfiguration;
			buildSettings = {
				ALWAYS_EMBED_SWIFT_STANDARD_LIBRARIES = YES;
				BUNDLE_LOADER = "$(TEST_HOST)";
				CODE_SIGN_STYLE = Automatic;
				CURRENT_PROJECT_VERSION = 1;
				DEVELOPMENT_TEAM = 2GB779FU44;
				GENERATE_INFOPLIST_FILE = YES;
				IPHONEOS_DEPLOYMENT_TARGET = 17.5;
				MACOSX_DEPLOYMENT_TARGET = 14.5;
				MARKETING_VERSION = 1.0;
				PRODUCT_BUNDLE_IDENTIFIER = com.RB.RecipeBrowserTests;
				PRODUCT_NAME = "$(TARGET_NAME)";
				SDKROOT = auto;
				SUPPORTED_PLATFORMS = "iphoneos iphonesimulator macosx";
				SWIFT_EMIT_LOC_STRINGS = NO;
				SWIFT_VERSION = 5.0;
				TARGETED_DEVICE_FAMILY = "1,2";
				TEST_HOST = "$(BUILT_PRODUCTS_DIR)/RecipeBrowser.app/$(BUNDLE_EXECUTABLE_FOLDER_PATH)/RecipeBrowser";
			};
			name = Debug;
		};
		17C491B82C49994A00DA29D4 /* Release */ = {
			isa = XCBuildConfiguration;
			buildSettings = {
				ALWAYS_EMBED_SWIFT_STANDARD_LIBRARIES = YES;
				BUNDLE_LOADER = "$(TEST_HOST)";
				CODE_SIGN_STYLE = Automatic;
				CURRENT_PROJECT_VERSION = 1;
				DEVELOPMENT_TEAM = 2GB779FU44;
				GENERATE_INFOPLIST_FILE = YES;
				IPHONEOS_DEPLOYMENT_TARGET = 17.5;
				MACOSX_DEPLOYMENT_TARGET = 14.5;
				MARKETING_VERSION = 1.0;
				PRODUCT_BUNDLE_IDENTIFIER = com.RB.RecipeBrowserTests;
				PRODUCT_NAME = "$(TARGET_NAME)";
				SDKROOT = auto;
				SUPPORTED_PLATFORMS = "iphoneos iphonesimulator macosx";
				SWIFT_EMIT_LOC_STRINGS = NO;
				SWIFT_VERSION = 5.0;
				TARGETED_DEVICE_FAMILY = "1,2";
				TEST_HOST = "$(BUILT_PRODUCTS_DIR)/RecipeBrowser.app/$(BUNDLE_EXECUTABLE_FOLDER_PATH)/RecipeBrowser";
			};
			name = Release;
		};
		17C491BA2C49994A00DA29D4 /* Debug */ = {
			isa = XCBuildConfiguration;
			buildSettings = {
				ALWAYS_EMBED_SWIFT_STANDARD_LIBRARIES = YES;
				CODE_SIGN_STYLE = Automatic;
				CURRENT_PROJECT_VERSION = 1;
				DEVELOPMENT_TEAM = 2GB779FU44;
				GENERATE_INFOPLIST_FILE = YES;
				IPHONEOS_DEPLOYMENT_TARGET = 17.5;
				MACOSX_DEPLOYMENT_TARGET = 14.5;
				MARKETING_VERSION = 1.0;
				PRODUCT_BUNDLE_IDENTIFIER = com.RB.RecipeBrowserUITests;
				PRODUCT_NAME = "$(TARGET_NAME)";
				SDKROOT = auto;
				SUPPORTED_PLATFORMS = "iphoneos iphonesimulator macosx";
				SWIFT_EMIT_LOC_STRINGS = NO;
				SWIFT_VERSION = 5.0;
				TARGETED_DEVICE_FAMILY = "1,2";
				TEST_TARGET_NAME = RecipeBrowser;
			};
			name = Debug;
		};
		17C491BB2C49994A00DA29D4 /* Release */ = {
			isa = XCBuildConfiguration;
			buildSettings = {
				ALWAYS_EMBED_SWIFT_STANDARD_LIBRARIES = YES;
				CODE_SIGN_STYLE = Automatic;
				CURRENT_PROJECT_VERSION = 1;
				DEVELOPMENT_TEAM = 2GB779FU44;
				GENERATE_INFOPLIST_FILE = YES;
				IPHONEOS_DEPLOYMENT_TARGET = 17.5;
				MACOSX_DEPLOYMENT_TARGET = 14.5;
				MARKETING_VERSION = 1.0;
				PRODUCT_BUNDLE_IDENTIFIER = com.RB.RecipeBrowserUITests;
				PRODUCT_NAME = "$(TARGET_NAME)";
				SDKROOT = auto;
				SUPPORTED_PLATFORMS = "iphoneos iphonesimulator macosx";
				SWIFT_EMIT_LOC_STRINGS = NO;
				SWIFT_VERSION = 5.0;
				TARGETED_DEVICE_FAMILY = "1,2";
				TEST_TARGET_NAME = RecipeBrowser;
			};
			name = Release;
		};
/* End XCBuildConfiguration section */

/* Begin XCConfigurationList section */
		17C491892C49994800DA29D4 /* Build configuration list for PBXProject "RecipeBrowser" */ = {
			isa = XCConfigurationList;
			buildConfigurations = (
				17C491B12C49994A00DA29D4 /* Debug */,
				17C491B22C49994A00DA29D4 /* Release */,
			);
			defaultConfigurationIsVisible = 0;
			defaultConfigurationName = Release;
		};
		17C491B32C49994A00DA29D4 /* Build configuration list for PBXNativeTarget "RecipeBrowser" */ = {
			isa = XCConfigurationList;
			buildConfigurations = (
				17C491B42C49994A00DA29D4 /* Debug */,
				17C491B52C49994A00DA29D4 /* Release */,
			);
			defaultConfigurationIsVisible = 0;
			defaultConfigurationName = Release;
		};
		17C491B62C49994A00DA29D4 /* Build configuration list for PBXNativeTarget "RecipeBrowserTests" */ = {
			isa = XCConfigurationList;
			buildConfigurations = (
				17C491B72C49994A00DA29D4 /* Debug */,
				17C491B82C49994A00DA29D4 /* Release */,
			);
			defaultConfigurationIsVisible = 0;
			defaultConfigurationName = Release;
		};
		17C491B92C49994A00DA29D4 /* Build configuration list for PBXNativeTarget "RecipeBrowserUITests" */ = {
			isa = XCConfigurationList;
			buildConfigurations = (
				17C491BA2C49994A00DA29D4 /* Debug */,
				17C491BB2C49994A00DA29D4 /* Release */,
			);
			defaultConfigurationIsVisible = 0;
			defaultConfigurationName = Release;
		};
/* End XCConfigurationList section */
	};
	rootObject = 17C491862C49994800DA29D4 /* Project object */;
}
